
Microsoft Visual Studio Solution File, Format Version 12.00
# Visual Studio Version 16
VisualStudioVersion = 16.0.29806.167
MinimumVisualStudioVersion = 10.0.40219.1
Project("{FAE04EC0-301F-11D3-BF4B-00C04F79EFBC}") = "OwnerUA_Server", "OwnerUA_Server\OwnerUA_Server.csproj", "{E05BE877-91DF-409F-A28F-AEA7639D93C4}"
EndProject
Project("{FAE04EC0-301F-11D3-BF4B-00C04F79EFBC}") = "DataAccess", "DataAccess\DataAccess.csproj", "{5396855F-92E5-4B13-AF58-8CDFC656BF11}"
EndProject
Project("{FAE04EC0-301F-11D3-BF4B-00C04F79EFBC}") = "WebApiServer", "WebApiServer\WebApiServer.csproj", "{B1CDECE4-5694-48FB-898E-AF2885B7DE4A}"
EndProject
Project("{FAE04EC0-301F-11D3-BF4B-00C04F79EFBC}") = "WebApiHelper", "WebApiHelper\WebApiHelper.csproj", "{1E821CCC-3CEE-463E-8309-7D1D04B8A16B}"
EndProject
Global
	GlobalSection(SolutionConfigurationPlatforms) = preSolution
		Debug|Any CPU = Debug|Any CPU
		Release|Any CPU = Release|Any CPU
	EndGlobalSection
	GlobalSection(ProjectConfigurationPlatforms) = postSolution
		{E05BE877-91DF-409F-A28F-AEA7639D93C4}.Debug|Any CPU.ActiveCfg = Debug|Any CPU
		{E05BE877-91DF-409F-A28F-AEA7639D93C4}.Debug|Any CPU.Build.0 = Debug|Any CPU
		{E05BE877-91DF-409F-A28F-AEA7639D93C4}.Release|Any CPU.ActiveCfg = Release|Any CPU
		{E05BE877-91DF-409F-A28F-AEA7639D93C4}.Release|Any CPU.Build.0 = Release|Any CPU
		{5396855F-92E5-4B13-AF58-8CDFC656BF11}.Debug|Any CPU.ActiveCfg = Debug|Any CPU
		{5396855F-92E5-4B13-AF58-8CDFC656BF11}.Debug|Any CPU.Build.0 = Debug|Any CPU
		{5396855F-92E5-4B13-AF58-8CDFC656BF11}.Release|Any CPU.ActiveCfg = Release|Any CPU
		{5396855F-92E5-4B13-AF58-8CDFC656BF11}.Release|Any CPU.Build.0 = Release|Any CPU
		{B1CDECE4-5694-48FB-898E-AF2885B7DE4A}.Debug|Any CPU.ActiveCfg = Debug|Any CPU
		{B1CDECE4-5694-48FB-898E-AF2885B7DE4A}.Debug|Any CPU.Build.0 = Debug|Any CPU
		{B1CDECE4-5694-48FB-898E-AF2885B7DE4A}.Release|Any CPU.ActiveCfg = Release|Any CPU
		{B1CDECE4-5694-48FB-898E-AF2885B7DE4A}.Release|Any CPU.Build.0 = Release|Any CPU
		{1E821CCC-3CEE-463E-8309-7D1D04B8A16B}.Debug|Any CPU.ActiveCfg = Debug|Any CPU
		{1E821CCC-3CEE-463E-8309-7D1D04B8A16B}.Debug|Any CPU.Build.0 = Debug|Any CPU
		{1E821CCC-3CEE-463E-8309-7D1D04B8A16B}.Release|Any CPU.ActiveCfg = Release|Any CPU
		{1E821CCC-3CEE-463E-8309-7D1D04B8A16B}.Release|Any CPU.Build.0 = Release|Any CPU
	EndGlobalSection
	GlobalSection(SolutionProperties) = preSolution
		HideSolutionNode = FALSE
	EndGlobalSection
	GlobalSection(ExtensibilityGlobals) = postSolution
		SolutionGuid = {86A29667-9E6F-46F2-9EE9-66EFBC4C488C}
	EndGlobalSection
EndGlobal
