
Microsoft Visual Studio Solution File, Format Version 12.00
# Visual Studio Version 16
VisualStudioVersion = 16.0.30011.22
MinimumVisualStudioVersion = 10.0.40219.1
Project("{FAE04EC0-301F-11D3-BF4B-00C04F79EFBC}") = "ApplicationOOP.Android", "ApplicationOOP\ApplicationOOP.Android\ApplicationOOP.Android.csproj", "{7EA805FE-1CAA-4EBA-8D7D-6857E1966E62}"
EndProject
Project("{9A19103F-16F7-4668-BE54-9A1E7A4F7556}") = "ApplicationOOP", "ApplicationOOP\ApplicationOOP\ApplicationOOP.csproj", "{0FF6C2CA-0BED-4A23-B00F-8C6B9161DED6}"
EndProject
Project("{FAE04EC0-301F-11D3-BF4B-00C04F79EFBC}") = "WebApiHelper", "..\DatabaseTestingConsoleApp\WebApiHelper\WebApiHelper.csproj", "{1E821CCC-3CEE-463E-8309-7D1D04B8A16B}"
EndProject
Global
	GlobalSection(SolutionConfigurationPlatforms) = preSolution
		Debug|Any CPU = Debug|Any CPU
		Release|Any CPU = Release|Any CPU
	EndGlobalSection
	GlobalSection(ProjectConfigurationPlatforms) = postSolution
		{7EA805FE-1CAA-4EBA-8D7D-6857E1966E62}.Debug|Any CPU.ActiveCfg = Debug|Any CPU
		{7EA805FE-1CAA-4EBA-8D7D-6857E1966E62}.Debug|Any CPU.Build.0 = Debug|Any CPU
		{7EA805FE-1CAA-4EBA-8D7D-6857E1966E62}.Debug|Any CPU.Deploy.0 = Debug|Any CPU
		{7EA805FE-1CAA-4EBA-8D7D-6857E1966E62}.Release|Any CPU.ActiveCfg = Release|Any CPU
		{7EA805FE-1CAA-4EBA-8D7D-6857E1966E62}.Release|Any CPU.Build.0 = Release|Any CPU
		{7EA805FE-1CAA-4EBA-8D7D-6857E1966E62}.Release|Any CPU.Deploy.0 = Release|Any CPU
		{0FF6C2CA-0BED-4A23-B00F-8C6B9161DED6}.Debug|Any CPU.ActiveCfg = Debug|Any CPU
		{0FF6C2CA-0BED-4A23-B00F-8C6B9161DED6}.Debug|Any CPU.Build.0 = Debug|Any CPU
		{0FF6C2CA-0BED-4A23-B00F-8C6B9161DED6}.Release|Any CPU.ActiveCfg = Release|Any CPU
		{0FF6C2CA-0BED-4A23-B00F-8C6B9161DED6}.Release|Any CPU.Build.0 = Release|Any CPU
		{1E821CCC-3CEE-463E-8309-7D1D04B8A16B}.Debug|Any CPU.ActiveCfg = Debug|Any CPU
		{1E821CCC-3CEE-463E-8309-7D1D04B8A16B}.Debug|Any CPU.Build.0 = Debug|Any CPU
		{1E821CCC-3CEE-463E-8309-7D1D04B8A16B}.Release|Any CPU.ActiveCfg = Release|Any CPU
		{1E821CCC-3CEE-463E-8309-7D1D04B8A16B}.Release|Any CPU.Build.0 = Release|Any CPU
	EndGlobalSection
	GlobalSection(SolutionProperties) = preSolution
		HideSolutionNode = FALSE
	EndGlobalSection
	GlobalSection(ExtensibilityGlobals) = postSolution
		SolutionGuid = {10FD547F-2677-4C70-94ED-3CF91EDE3D21}
	EndGlobalSection
EndGlobal
